
Microsoft Visual Studio Solution File, Format Version 12.00
# Visual Studio Version 17
VisualStudioVersion = 17.0.32014.148
MinimumVisualStudioVersion = 10.0.40219.1
Project("{9A19103F-16F7-4668-BE54-9A1E7A4F7556}") = "API", "API\API.csproj", "{EAC957E8-D89F-4098-B659-6C0823F34E3D}"
EndProject
Project("{2150E333-8FDC-42A3-9474-1A3956D46DE8}") = "Solution Items", "Solution Items", "{20240147-ABA3-4BC7-915B-2E54C52C175D}"
	ProjectSection(SolutionItems) = preProject
		readme.md = readme.md
	EndProjectSection
EndProject
Project("{FAE04EC0-301F-11D3-BF4B-00C04F79EFBC}") = "Client", "Client\Client.csproj", "{E9AF8B2F-A8D1-4423-B717-D52F22374D7F}"
EndProject
Global
	GlobalSection(SolutionConfigurationPlatforms) = preSolution
		Debug|Any CPU = Debug|Any CPU
		Release|Any CPU = Release|Any CPU
	EndGlobalSection
	GlobalSection(ProjectConfigurationPlatforms) = postSolution
		{EAC957E8-D89F-4098-B659-6C0823F34E3D}.Debug|Any CPU.ActiveCfg = Debug|Any CPU
		{EAC957E8-D89F-4098-B659-6C0823F34E3D}.Debug|Any CPU.Build.0 = Debug|Any CPU
		{EAC957E8-D89F-4098-B659-6C0823F34E3D}.Release|Any CPU.ActiveCfg = Release|Any CPU
		{EAC957E8-D89F-4098-B659-6C0823F34E3D}.Release|Any CPU.Build.0 = Release|Any CPU
		{E9AF8B2F-A8D1-4423-B717-D52F22374D7F}.Debug|Any CPU.ActiveCfg = Debug|Any CPU
		{E9AF8B2F-A8D1-4423-B717-D52F22374D7F}.Debug|Any CPU.Build.0 = Debug|Any CPU
		{E9AF8B2F-A8D1-4423-B717-D52F22374D7F}.Release|Any CPU.ActiveCfg = Release|Any CPU
		{E9AF8B2F-A8D1-4423-B717-D52F22374D7F}.Release|Any CPU.Build.0 = Release|Any CPU
	EndGlobalSection
	GlobalSection(SolutionProperties) = preSolution
		HideSolutionNode = FALSE
	EndGlobalSection
	GlobalSection(ExtensibilityGlobals) = postSolution
		SolutionGuid = {70339B55-8941-495E-9D1E-C52ADC79412B}
	EndGlobalSection
EndGlobal
